
Microsoft Visual Studio Solution File, Format Version 11.00
# Visual Studio 2010
Project("{FAE04EC0-301F-11D3-BF4B-00C04F79EFBC}") = "AspMvc_Mysql_app", "AspMvc_Mysql_app\AspMvc_Mysql_app.csproj", "{544A4206-0F82-4944-A5B2-CFB95828C557}"
EndProject
Global
	GlobalSection(SolutionConfigurationPlatforms) = preSolution
		Debug|Any CPU = Debug|Any CPU
		Release|Any CPU = Release|Any CPU
	EndGlobalSection
	GlobalSection(ProjectConfigurationPlatforms) = postSolution
		{544A4206-0F82-4944-A5B2-CFB95828C557}.Debug|Any CPU.ActiveCfg = Debug|Any CPU
		{544A4206-0F82-4944-A5B2-CFB95828C557}.Debug|Any CPU.Build.0 = Debug|Any CPU
		{544A4206-0F82-4944-A5B2-CFB95828C557}.Release|Any CPU.ActiveCfg = Release|Any CPU
		{544A4206-0F82-4944-A5B2-CFB95828C557}.Release|Any CPU.Build.0 = Release|Any CPU
	EndGlobalSection
	GlobalSection(SolutionProperties) = preSolution
		HideSolutionNode = FALSE
	EndGlobalSection
EndGlobal
